
Microsoft Visual Studio Solution File, Format Version 12.00
# Visual Studio Version 17
VisualStudioVersion = 17.11.35312.102
MinimumVisualStudioVersion = 10.0.40219.1
Project("{FAE04EC0-301F-11D3-BF4B-00C04F79EFBC}") = "DamianCA2", "DamianCA2\DamianCA2.csproj", "{6AEBD74C-14C2-42A1-A763-44F514F3C5CC}"
EndProject
Global
	GlobalSection(SolutionConfigurationPlatforms) = preSolution
		Debug|Any CPU = Debug|Any CPU
		Release|Any CPU = Release|Any CPU
	EndGlobalSection
	GlobalSection(ProjectConfigurationPlatforms) = postSolution
		{6AEBD74C-14C2-42A1-A763-44F514F3C5CC}.Debug|Any CPU.ActiveCfg = Debug|Any CPU
		{6AEBD74C-14C2-42A1-A763-44F514F3C5CC}.Debug|Any CPU.Build.0 = Debug|Any CPU
		{6AEBD74C-14C2-42A1-A763-44F514F3C5CC}.Release|Any CPU.ActiveCfg = Release|Any CPU
		{6AEBD74C-14C2-42A1-A763-44F514F3C5CC}.Release|Any CPU.Build.0 = Release|Any CPU
	EndGlobalSection
	GlobalSection(SolutionProperties) = preSolution
		HideSolutionNode = FALSE
	EndGlobalSection
	GlobalSection(ExtensibilityGlobals) = postSolution
		SolutionGuid = {2CFA2A25-7C26-474B-B001-C7B829988402}
	EndGlobalSection
EndGlobal
